<?xml version="1.0" encoding="utf-8"?>
<Project ToolsVersion="4.0" xmlns="http://schemas.microsoft.com/developer/msbuild/2003">
  <ItemGroup>
    <Filter Include="Code">
      <UniqueIdentifier>{073ed394-7a55-4522-8833-a278ea29c4f3}</UniqueIdentifier>
    </Filter>
    <Filter Include="Media">
      <UniqueIdentifier>{a9c0850c-4346-4d0e-bf1a-8872b89e9049}</UniqueIdentifier>
    </Filter>
    <Filter Include="Import">
      <UniqueIdentifier>{907d86c2-20ce-42b2-9feb-9b669c710b18}</UniqueIdentifier>
    </Filter>
    <Filter Include="Code\Main">
      <UniqueIdentifier>{6d057a05-b1c5-4817-97ea-5b7fac623ee8}</UniqueIdentifier>
    </Filter>
    <Filter Include="Code\Utilities">
      <UniqueIdentifier>{6be29416-64a9-40d5-85ee-fa94c80a1717}</UniqueIdentifier>
    </Filter>
    <Filter Include="Code\Windows">
      <UniqueIdentifier>{c81b1dac-f2e3-410e-80bd-7e4606d6ef8e}</UniqueIdentifier>
    </Filter>
    <Filter Include="Code\DirectX App">
      <UniqueIdentifier>{db4c239b-0066-46ae-9029-5f012a2ee847}</UniqueIdentifier>
    </Filter>
    <Filter Include="Code\Scene Entities">
      <UniqueIdentifier>{5e72ff81-f868-4419-a3eb-ee9f3ae14cff}</UniqueIdentifier>
    </Filter>
    <Filter Include="Code\Scene Management">
      <UniqueIdentifier>{c0a5f356-566a-4f97-82bc-8c3ec87ff974}</UniqueIdentifier>
    </Filter>
    <Filter Include="Import\Math">
      <UniqueIdentifier>{a388d62a-dfe9-45eb-8ee5-91a02654981c}</UniqueIdentifier>
    </Filter>
    <Filter Include="Import\Common">
      <UniqueIdentifier>{5705ef72-3074-4634-ae67-6ba35e87a06a}</UniqueIdentifier>
    </Filter>
    <Filter Include="Code\Common">
      <UniqueIdentifier>{7b1dedae-625b-48ac-9c81-81cbe95a1cf1}</UniqueIdentifier>
    </Filter>
    <Filter Include="Shaders">
      <UniqueIdentifier>{3dfd9a48-61bc-4ad0-ba14-5018115e5476}</UniqueIdentifier>
    </Filter>
    <Filter Include="Code\Shaders">
      <UniqueIdentifier>{bac3a6e6-72b7-4800-ba1c-5f0d61a5edc6}</UniqueIdentifier>
    </Filter>
  </ItemGroup>
  <ItemGroup>
    <ClCompile Include="Code\Main\Main.cpp">
      <Filter>Code\Main</Filter>
    </ClCompile>
    <ClCompile Include="Code\Utilities\Timer.cpp">
      <Filter>Code\Utilities</Filter>
    </ClCompile>
    <ClCompile Include="Code\Utilities\UserInput.cpp">
      <Filter>Code\Utilities</Filter>
    </ClCompile>
    <ClCompile Include="Code\DirectX\Direct3DApp.cpp">
      <Filter>Code\DirectX App</Filter>
    </ClCompile>
    <ClCompile Include="Code\DirectX\Engine.cpp">
      <Filter>Code\DirectX App</Filter>
    </ClCompile>
    <ClCompile Include="Code\Windows\Window.cpp">
      <Filter>Code\Windows</Filter>
    </ClCompile>
    <ClCompile Include="Code\Scene Entities\Camera.cpp">
      <Filter>Code\Scene Entities</Filter>
    </ClCompile>
    <ClCompile Include="Code\Scene Entities\Entity.cpp">
      <Filter>Code\Scene Entities</Filter>
    </ClCompile>
    <ClCompile Include="Code\Scene Management\EntityManager.cpp">
      <Filter>Code\Scene Management</Filter>
    </ClCompile>
    <ClCompile Include="Code\Scene Entities\Model.cpp">
      <Filter>Code\Scene Entities</Filter>
    </ClCompile>
    <ClCompile Include="Import\CImportXFile.cpp">
      <Filter>Import</Filter>
    </ClCompile>
    <ClCompile Include="Import\Math\BaseMath.cpp">
      <Filter>Import\Math</Filter>
    </ClCompile>
    <ClCompile Include="Import\Math\CMatrix2x2.cpp">
      <Filter>Import\Math</Filter>
    </ClCompile>
    <ClCompile Include="Import\Math\CMatrix3x3.cpp">
      <Filter>Import\Math</Filter>
    </ClCompile>
    <ClCompile Include="Import\Math\CMatrix4x4.cpp">
      <Filter>Import\Math</Filter>
    </ClCompile>
    <ClCompile Include="Import\Math\CQuaternion.cpp">
      <Filter>Import\Math</Filter>
    </ClCompile>
    <ClCompile Include="Import\Math\CQuatTransform.cpp">
      <Filter>Import\Math</Filter>
    </ClCompile>
    <ClCompile Include="Import\Math\CVector2.cpp">
      <Filter>Import\Math</Filter>
    </ClCompile>
    <ClCompile Include="Import\Math\CVector3.cpp">
      <Filter>Import\Math</Filter>
    </ClCompile>
    <ClCompile Include="Import\Math\CVector4.cpp">
      <Filter>Import\Math</Filter>
    </ClCompile>
    <ClCompile Include="Import\Math\MathIO.cpp">
      <Filter>Import\Math</Filter>
    </ClCompile>
    <ClCompile Include="Import\Common\CFatalException.cpp">
      <Filter>Import\Common</Filter>
    </ClCompile>
    <ClCompile Include="Import\Common\MSDefines.cpp">
      <Filter>Import\Common</Filter>
    </ClCompile>
    <ClCompile Include="Import\Common\Utility.cpp">
      <Filter>Import\Common</Filter>
    </ClCompile>
    <ClCompile Include="Code\Utilities\Mesh.cpp">
      <Filter>Code\Utilities</Filter>
    </ClCompile>
    <ClCompile Include="Code\Shaders\Shader.cpp">
      <Filter>Code\Shaders</Filter>
    </ClCompile>
  </ItemGroup>
  <ItemGroup>
    <ClInclude Include="Code\Utilities\Timer.h">
      <Filter>Code\Utilities</Filter>
    </ClInclude>
    <ClInclude Include="Code\Utilities\UserInput.h">
      <Filter>Code\Utilities</Filter>
    </ClInclude>
    <ClInclude Include="Code\DirectX\Direct3DApp.h">
      <Filter>Code\DirectX App</Filter>
    </ClInclude>
    <ClInclude Include="Code\DirectX\Engine.h">
      <Filter>Code\DirectX App</Filter>
    </ClInclude>
    <ClInclude Include="Code\Windows\Window.h">
      <Filter>Code\Windows</Filter>
    </ClInclude>
    <ClInclude Include="Code\Scene Entities\Camera.h">
      <Filter>Code\Scene Entities</Filter>
    </ClInclude>
    <ClInclude Include="Code\Scene Entities\Entity.h">
      <Filter>Code\Scene Entities</Filter>
    </ClInclude>
    <ClInclude Include="Code\Scene Management\EntityManager.h">
      <Filter>Code\Scene Management</Filter>
    </ClInclude>
    <ClInclude Include="Code\Scene Entities\Model.h">
      <Filter>Code\Scene Entities</Filter>
    </ClInclude>
    <ClInclude Include="Import\CImportXFile.h">
      <Filter>Import</Filter>
    </ClInclude>
    <ClInclude Include="Import\Colour.h">
      <Filter>Import</Filter>
    </ClInclude>
    <ClInclude Include="Import\MeshData.h">
      <Filter>Import</Filter>
    </ClInclude>
    <ClInclude Include="Import\Math\BaseMath.h">
      <Filter>Import\Math</Filter>
    </ClInclude>
    <ClInclude Include="Import\Math\CMatrix2x2.h">
      <Filter>Import\Math</Filter>
    </ClInclude>
    <ClInclude Include="Import\Math\CMatrix3x3.h">
      <Filter>Import\Math</Filter>
    </ClInclude>
    <ClInclude Include="Import\Math\CMatrix4x4.h">
      <Filter>Import\Math</Filter>
    </ClInclude>
    <ClInclude Include="Import\Math\CQuaternion.h">
      <Filter>Import\Math</Filter>
    </ClInclude>
    <ClInclude Include="Import\Math\CQuatTransform.h">
      <Filter>Import\Math</Filter>
    </ClInclude>
    <ClInclude Include="Import\Math\CVector2.h">
      <Filter>Import\Math</Filter>
    </ClInclude>
    <ClInclude Include="Import\Math\CVector3.h">
      <Filter>Import\Math</Filter>
    </ClInclude>
    <ClInclude Include="Import\Math\CVector4.h">
      <Filter>Import\Math</Filter>
    </ClInclude>
    <ClInclude Include="Import\Math\MathDX.h">
      <Filter>Import\Math</Filter>
    </ClInclude>
    <ClInclude Include="Import\Math\MathIO.h">
      <Filter>Import\Math</Filter>
    </ClInclude>
    <ClInclude Include="Import\Common\CFatalException.h">
      <Filter>Import\Common</Filter>
    </ClInclude>
    <ClInclude Include="Import\Common\Error.h">
      <Filter>Import\Common</Filter>
    </ClInclude>
    <ClInclude Include="Import\Common\GenDefines.h">
      <Filter>Import\Common</Filter>
    </ClInclude>
    <ClInclude Include="Import\Common\MSDefines.h">
      <Filter>Import\Common</Filter>
    </ClInclude>
    <ClInclude Include="Import\Common\Utility.h">
      <Filter>Import\Common</Filter>
    </ClInclude>
    <ClInclude Include="Code\Utilities\Mesh.h">
      <Filter>Code\Utilities</Filter>
    </ClInclude>
    <ClInclude Include="Code\Shaders\Shader.h">
      <Filter>Code\Shaders</Filter>
    </ClInclude>
  </ItemGroup>
  <ItemGroup>
    <FxCompile Include="GraphicsAssign1.fx">
      <Filter>Shaders</Filter>
    </FxCompile>
  </ItemGroup>
</Project>