<?xml version="1.0" encoding="utf-8"?>
<Project ToolsVersion="4.0" xmlns="http://schemas.microsoft.com/developer/msbuild/2003">
  <ItemGroup>
    <Filter Include="Code">
      <UniqueIdentifier>{073ed394-7a55-4522-8833-a278ea29c4f3}</UniqueIdentifier>
    </Filter>
    <Filter Include="Media">
      <UniqueIdentifier>{a9c0850c-4346-4d0e-bf1a-8872b89e9049}</UniqueIdentifier>
    </Filter>
    <Filter Include="Import">
      <UniqueIdentifier>{907d86c2-20ce-42b2-9feb-9b669c710b18}</UniqueIdentifier>
    </Filter>
    <Filter Include="Code\Main">
      <UniqueIdentifier>{6d057a05-b1c5-4817-97ea-5b7fac623ee8}</UniqueIdentifier>
    </Filter>
    <Filter Include="Code\Utilities">
      <UniqueIdentifier>{6be29416-64a9-40d5-85ee-fa94c80a1717}</UniqueIdentifier>
    </Filter>
    <Filter Include="Code\Windows">
      <UniqueIdentifier>{c81b1dac-f2e3-410e-80bd-7e4606d6ef8e}</UniqueIdentifier>
    </Filter>
    <Filter Include="Code\DirectX App">
      <UniqueIdentifier>{db4c239b-0066-46ae-9029-5f012a2ee847}</UniqueIdentifier>
    </Filter>
    <Filter Include="Code\Camera">
      <UniqueIdentifier>{28d9a72d-0d1b-4ff1-b627-9582e8598820}</UniqueIdentifier>
    </Filter>
    <Filter Include="Code\Entity">
      <UniqueIdentifier>{c8c84e43-8945-4e65-bd96-5e56f3979d71}</UniqueIdentifier>
    </Filter>
    <Filter Include="Code\Scene Entities">
      <UniqueIdentifier>{5e72ff81-f868-4419-a3eb-ee9f3ae14cff}</UniqueIdentifier>
    </Filter>
    <Filter Include="Code\Scene Management">
      <UniqueIdentifier>{c0a5f356-566a-4f97-82bc-8c3ec87ff974}</UniqueIdentifier>
    </Filter>
  </ItemGroup>
  <ItemGroup>
    <ClCompile Include="Code\Main\Main.cpp">
      <Filter>Code\Main</Filter>
    </ClCompile>
    <ClCompile Include="Code\Utilities\Timer.cpp">
      <Filter>Code\Utilities</Filter>
    </ClCompile>
    <ClCompile Include="Code\Utilities\UserInput.cpp">
      <Filter>Code\Utilities</Filter>
    </ClCompile>
    <ClCompile Include="Code\DirectX\Direct3DApp.cpp">
      <Filter>Code\DirectX App</Filter>
    </ClCompile>
    <ClCompile Include="Code\DirectX\Engine.cpp">
      <Filter>Code\DirectX App</Filter>
    </ClCompile>
    <ClCompile Include="Code\Windows\Window.cpp">
      <Filter>Code\Windows</Filter>
    </ClCompile>
    <ClCompile Include="Code\Entity\Entity.cpp">
      <Filter>Code\Entity</Filter>
    </ClCompile>
    <ClCompile Include="Code\Entity\Camera.cpp">
      <Filter>Code\Camera</Filter>
    </ClCompile>
  </ItemGroup>
  <ItemGroup>
    <ClInclude Include="Code\Utilities\Timer.h">
      <Filter>Code\Utilities</Filter>
    </ClInclude>
    <ClInclude Include="Code\Utilities\UserInput.h">
      <Filter>Code\Utilities</Filter>
    </ClInclude>
    <ClInclude Include="Code\DirectX\Direct3DApp.h">
      <Filter>Code\DirectX App</Filter>
    </ClInclude>
    <ClInclude Include="Code\DirectX\Engine.h">
      <Filter>Code\DirectX App</Filter>
    </ClInclude>
    <ClInclude Include="Code\Windows\Window.h">
      <Filter>Code\Windows</Filter>
    </ClInclude>
    <ClInclude Include="Code\Entity\Entity.h">
      <Filter>Code\Entity</Filter>
    </ClInclude>
    <ClInclude Include="Code\Entity\Camera.h">
      <Filter>Code\Camera</Filter>
    </ClInclude>
  </ItemGroup>
</Project>