<?xml version="1.0" encoding="utf-8"?>
<Project ToolsVersion="4.0" xmlns="http://schemas.microsoft.com/developer/msbuild/2003">
  <ItemGroup>
    <Filter Include="Code">
      <UniqueIdentifier>{073ed394-7a55-4522-8833-a278ea29c4f3}</UniqueIdentifier>
    </Filter>
    <Filter Include="Media">
      <UniqueIdentifier>{a9c0850c-4346-4d0e-bf1a-8872b89e9049}</UniqueIdentifier>
    </Filter>
    <Filter Include="Import">
      <UniqueIdentifier>{907d86c2-20ce-42b2-9feb-9b669c710b18}</UniqueIdentifier>
    </Filter>
    <Filter Include="Code\Main">
      <UniqueIdentifier>{6d057a05-b1c5-4817-97ea-5b7fac623ee8}</UniqueIdentifier>
    </Filter>
  </ItemGroup>
  <ItemGroup>
    <ClCompile Include="Code\Main\Main.cpp">
      <Filter>Code\Main</Filter>
    </ClCompile>
  </ItemGroup>
</Project>