
Microsoft Visual Studio Solution File, Format Version 12.00
# Visual Studio 2013
VisualStudioVersion = 12.0.31101.0
MinimumVisualStudioVersion = 10.0.40219.1
Project("{8BC9CEB8-8B4A-11D0-8D11-00A0C91BC942}") = "Stellaris 3D Engine", "Stellaris 3D Engine\Stellaris 3D Engine.vcxproj", "{6E6CEBB5-AEC8-45B9-846A-234DC780C45D}"
EndProject
Global
	GlobalSection(SolutionConfigurationPlatforms) = preSolution
		Debug|Win32 = Debug|Win32
		Release|Win32 = Release|Win32
	EndGlobalSection
	GlobalSection(ProjectConfigurationPlatforms) = postSolution
		{6E6CEBB5-AEC8-45B9-846A-234DC780C45D}.Debug|Win32.ActiveCfg = Debug|Win32
		{6E6CEBB5-AEC8-45B9-846A-234DC780C45D}.Debug|Win32.Build.0 = Debug|Win32
		{6E6CEBB5-AEC8-45B9-846A-234DC780C45D}.Release|Win32.ActiveCfg = Release|Win32
		{6E6CEBB5-AEC8-45B9-846A-234DC780C45D}.Release|Win32.Build.0 = Release|Win32
	EndGlobalSection
	GlobalSection(SolutionProperties) = preSolution
		HideSolutionNode = FALSE
	EndGlobalSection
	GlobalSection(Performance) = preSolution
		HasPerformanceSessions = true
	EndGlobalSection
EndGlobal
